// !$*UTF8*$!
{
	archiveVersion = 1;
	classes = {
	};
	objectVersion = 56;
	objects = {

/* Begin PBXBuildFile section */
		7B12546228E97564006112E7 /* AppDelegate.swift in Sources */ = {isa = PBXBuildFile; fileRef = 7B12546128E97564006112E7 /* AppDelegate.swift */; };
		7B12546428E97564006112E7 /* SceneDelegate.swift in Sources */ = {isa = PBXBuildFile; fileRef = 7B12546328E97564006112E7 /* SceneDelegate.swift */; };
		7B12546628E97564006112E7 /* ConversationsViewController.swift in Sources */ = {isa = PBXBuildFile; fileRef = 7B12546528E97564006112E7 /* ConversationsViewController.swift */; };
		7B12546928E97564006112E7 /* Main.storyboard in Resources */ = {isa = PBXBuildFile; fileRef = 7B12546728E97564006112E7 /* Main.storyboard */; };
		7B12546B28E97565006112E7 /* Assets.xcassets in Resources */ = {isa = PBXBuildFile; fileRef = 7B12546A28E97565006112E7 /* Assets.xcassets */; };
		7B12546E28E97565006112E7 /* LaunchScreen.storyboard in Resources */ = {isa = PBXBuildFile; fileRef = 7B12546C28E97565006112E7 /* LaunchScreen.storyboard */; };
		7B737EED28EAAAAC0080F047 /* LoginViewController.swift in Sources */ = {isa = PBXBuildFile; fileRef = 7B737EEC28EAAAAC0080F047 /* LoginViewController.swift */; };
		7B737EEF28EAAABF0080F047 /* RegisterViewController.swift in Sources */ = {isa = PBXBuildFile; fileRef = 7B737EEE28EAAABF0080F047 /* RegisterViewController.swift */; };
		7B737EF128EAAADA0080F047 /* PhotoVIewerViewController.swift in Sources */ = {isa = PBXBuildFile; fileRef = 7B737EF028EAAADA0080F047 /* PhotoVIewerViewController.swift */; };
		7B737EF328EAAAEC0080F047 /* VideoPlayerViewController.swift in Sources */ = {isa = PBXBuildFile; fileRef = 7B737EF228EAAAEC0080F047 /* VideoPlayerViewController.swift */; };
		7B737EF528EAAB0D0080F047 /* NewConversationViewController.swift in Sources */ = {isa = PBXBuildFile; fileRef = 7B737EF428EAAB0D0080F047 /* NewConversationViewController.swift */; };
		7B737EF728EAAB280080F047 /* ProfileViewController.swift in Sources */ = {isa = PBXBuildFile; fileRef = 7B737EF628EAAB280080F047 /* ProfileViewController.swift */; };
/* End PBXBuildFile section */

/* Begin PBXFileReference section */
		7B12545E28E97564006112E7 /* UIKit_FireBaseChat.app */ = {isa = PBXFileReference; explicitFileType = wrapper.application; includeInIndex = 0; path = UIKit_FireBaseChat.app; sourceTree = BUILT_PRODUCTS_DIR; };
		7B12546128E97564006112E7 /* AppDelegate.swift */ = {isa = PBXFileReference; lastKnownFileType = sourcecode.swift; path = AppDelegate.swift; sourceTree = "<group>"; };
		7B12546328E97564006112E7 /* SceneDelegate.swift */ = {isa = PBXFileReference; lastKnownFileType = sourcecode.swift; path = SceneDelegate.swift; sourceTree = "<group>"; };
		7B12546528E97564006112E7 /* ConversationsViewController.swift */ = {isa = PBXFileReference; lastKnownFileType = sourcecode.swift; path = ConversationsViewController.swift; sourceTree = "<group>"; };
		7B12546828E97564006112E7 /* Base */ = {isa = PBXFileReference; lastKnownFileType = file.storyboard; name = Base; path = Base.lproj/Main.storyboard; sourceTree = "<group>"; };
		7B12546A28E97565006112E7 /* Assets.xcassets */ = {isa = PBXFileReference; lastKnownFileType = folder.assetcatalog; path = Assets.xcassets; sourceTree = "<group>"; };
		7B12546D28E97565006112E7 /* Base */ = {isa = PBXFileReference; lastKnownFileType = file.storyboard; name = Base; path = Base.lproj/LaunchScreen.storyboard; sourceTree = "<group>"; };
		7B12546F28E97565006112E7 /* Info.plist */ = {isa = PBXFileReference; lastKnownFileType = text.plist.xml; path = Info.plist; sourceTree = "<group>"; };
		7B737EEC28EAAAAC0080F047 /* LoginViewController.swift */ = {isa = PBXFileReference; lastKnownFileType = sourcecode.swift; path = LoginViewController.swift; sourceTree = "<group>"; };
		7B737EEE28EAAABF0080F047 /* RegisterViewController.swift */ = {isa = PBXFileReference; lastKnownFileType = sourcecode.swift; path = RegisterViewController.swift; sourceTree = "<group>"; };
		7B737EF028EAAADA0080F047 /* PhotoVIewerViewController.swift */ = {isa = PBXFileReference; lastKnownFileType = sourcecode.swift; path = PhotoVIewerViewController.swift; sourceTree = "<group>"; };
		7B737EF228EAAAEC0080F047 /* VideoPlayerViewController.swift */ = {isa = PBXFileReference; lastKnownFileType = sourcecode.swift; path = VideoPlayerViewController.swift; sourceTree = "<group>"; };
		7B737EF428EAAB0D0080F047 /* NewConversationViewController.swift */ = {isa = PBXFileReference; lastKnownFileType = sourcecode.swift; path = NewConversationViewController.swift; sourceTree = "<group>"; };
		7B737EF628EAAB280080F047 /* ProfileViewController.swift */ = {isa = PBXFileReference; lastKnownFileType = sourcecode.swift; path = ProfileViewController.swift; sourceTree = "<group>"; };
/* End PBXFileReference section */

/* Begin PBXFrameworksBuildPhase section */
		7B12545B28E97564006112E7 /* Frameworks */ = {
			isa = PBXFrameworksBuildPhase;
			buildActionMask = 2147483647;
			files = (
			);
			runOnlyForDeploymentPostprocessing = 0;
		};
/* End PBXFrameworksBuildPhase section */

/* Begin PBXGroup section */
		7B12545528E97564006112E7 = {
			isa = PBXGroup;
			children = (
				7B12546028E97564006112E7 /* UIKit_FireBaseChat */,
				7B12545F28E97564006112E7 /* Products */,
			);
			sourceTree = "<group>";
		};
		7B12545F28E97564006112E7 /* Products */ = {
			isa = PBXGroup;
			children = (
				7B12545E28E97564006112E7 /* UIKit_FireBaseChat.app */,
			);
			name = Products;
			sourceTree = "<group>";
		};
		7B12546028E97564006112E7 /* UIKit_FireBaseChat */ = {
			isa = PBXGroup;
			children = (
				7B737EEA28EAA8980080F047 /* Resources */,
				7B737EE928EAA8910080F047 /* ViewModels */,
				7B737EE828EAA88B0080F047 /* Models */,
				7B737EE728EAA8850080F047 /* Views */,
				7B737EE628EAA8740080F047 /* Controllers */,
				7B12546F28E97565006112E7 /* Info.plist */,
			);
			path = UIKit_FireBaseChat;
			sourceTree = "<group>";
		};
		7B737EE628EAA8740080F047 /* Controllers */ = {
			isa = PBXGroup;
			children = (
				7B12546528E97564006112E7 /* ConversationsViewController.swift */,
				7B737EEC28EAAAAC0080F047 /* LoginViewController.swift */,
				7B737EEE28EAAABF0080F047 /* RegisterViewController.swift */,
				7B737EF028EAAADA0080F047 /* PhotoVIewerViewController.swift */,
				7B737EF228EAAAEC0080F047 /* VideoPlayerViewController.swift */,
				7B737EF428EAAB0D0080F047 /* NewConversationViewController.swift */,
				7B737EF628EAAB280080F047 /* ProfileViewController.swift */,
			);
			path = Controllers;
			sourceTree = "<group>";
		};
		7B737EE728EAA8850080F047 /* Views */ = {
			isa = PBXGroup;
			children = (
				7B737EEB28EAA9010080F047 /* Storyboards */,
				7B12546A28E97565006112E7 /* Assets.xcassets */,
			);
			path = Views;
			sourceTree = "<group>";
		};
		7B737EE828EAA88B0080F047 /* Models */ = {
			isa = PBXGroup;
			children = (
			);
			path = Models;
			sourceTree = "<group>";
		};
		7B737EE928EAA8910080F047 /* ViewModels */ = {
			isa = PBXGroup;
			children = (
			);
			path = ViewModels;
			sourceTree = "<group>";
		};
		7B737EEA28EAA8980080F047 /* Resources */ = {
			isa = PBXGroup;
			children = (
				7B12546128E97564006112E7 /* AppDelegate.swift */,
				7B12546328E97564006112E7 /* SceneDelegate.swift */,
			);
			path = Resources;
			sourceTree = "<group>";
		};
		7B737EEB28EAA9010080F047 /* Storyboards */ = {
			isa = PBXGroup;
			children = (
				7B12546C28E97565006112E7 /* LaunchScreen.storyboard */,
				7B12546728E97564006112E7 /* Main.storyboard */,
			);
			path = Storyboards;
			sourceTree = "<group>";
		};
/* End PBXGroup section */

/* Begin PBXNativeTarget section */
		7B12545D28E97564006112E7 /* UIKit_FireBaseChat */ = {
			isa = PBXNativeTarget;
			buildConfigurationList = 7B12547228E97565006112E7 /* Build configuration list for PBXNativeTarget "UIKit_FireBaseChat" */;
			buildPhases = (
				7B12545A28E97564006112E7 /* Sources */,
				7B12545B28E97564006112E7 /* Frameworks */,
				7B12545C28E97564006112E7 /* Resources */,
			);
			buildRules = (
			);
			dependencies = (
			);
			name = UIKit_FireBaseChat;
			productName = UIKit_FireBaseChat;
			productReference = 7B12545E28E97564006112E7 /* UIKit_FireBaseChat.app */;
			productType = "com.apple.product-type.application";
		};
/* End PBXNativeTarget section */

/* Begin PBXProject section */
		7B12545628E97564006112E7 /* Project object */ = {
			isa = PBXProject;
			attributes = {
				BuildIndependentTargetsInParallel = 1;
				LastSwiftUpdateCheck = 1400;
				LastUpgradeCheck = 1400;
				TargetAttributes = {
					7B12545D28E97564006112E7 = {
						CreatedOnToolsVersion = 14.0;
					};
				};
			};
			buildConfigurationList = 7B12545928E97564006112E7 /* Build configuration list for PBXProject "UIKit_FireBaseChat" */;
			compatibilityVersion = "Xcode 14.0";
			developmentRegion = en;
			hasScannedForEncodings = 0;
			knownRegions = (
				en,
				Base,
			);
			mainGroup = 7B12545528E97564006112E7;
			productRefGroup = 7B12545F28E97564006112E7 /* Products */;
			projectDirPath = "";
			projectRoot = "";
			targets = (
				7B12545D28E97564006112E7 /* UIKit_FireBaseChat */,
			);
		};
/* End PBXProject section */

/* Begin PBXResourcesBuildPhase section */
		7B12545C28E97564006112E7 /* Resources */ = {
			isa = PBXResourcesBuildPhase;
			buildActionMask = 2147483647;
			files = (
				7B12546E28E97565006112E7 /* LaunchScreen.storyboard in Resources */,
				7B12546B28E97565006112E7 /* Assets.xcassets in Resources */,
				7B12546928E97564006112E7 /* Main.storyboard in Resources */,
			);
			runOnlyForDeploymentPostprocessing = 0;
		};
/* End PBXResourcesBuildPhase section */

/* Begin PBXSourcesBuildPhase section */
		7B12545A28E97564006112E7 /* Sources */ = {
			isa = PBXSourcesBuildPhase;
			buildActionMask = 2147483647;
			files = (
				7B737EED28EAAAAC0080F047 /* LoginViewController.swift in Sources */,
				7B737EEF28EAAABF0080F047 /* RegisterViewController.swift in Sources */,
				7B737EF528EAAB0D0080F047 /* NewConversationViewController.swift in Sources */,
				7B12546628E97564006112E7 /* ConversationsViewController.swift in Sources */,
				7B737EF328EAAAEC0080F047 /* VideoPlayerViewController.swift in Sources */,
				7B12546228E97564006112E7 /* AppDelegate.swift in Sources */,
				7B737EF728EAAB280080F047 /* ProfileViewController.swift in Sources */,
				7B12546428E97564006112E7 /* SceneDelegate.swift in Sources */,
				7B737EF128EAAADA0080F047 /* PhotoVIewerViewController.swift in Sources */,
			);
			runOnlyForDeploymentPostprocessing = 0;
		};
/* End PBXSourcesBuildPhase section */

/* Begin PBXVariantGroup section */
		7B12546728E97564006112E7 /* Main.storyboard */ = {
			isa = PBXVariantGroup;
			children = (
				7B12546828E97564006112E7 /* Base */,
			);
			name = Main.storyboard;
			sourceTree = "<group>";
		};
		7B12546C28E97565006112E7 /* LaunchScreen.storyboard */ = {
			isa = PBXVariantGroup;
			children = (
				7B12546D28E97565006112E7 /* Base */,
			);
			name = LaunchScreen.storyboard;
			sourceTree = "<group>";
		};
/* End PBXVariantGroup section */

/* Begin XCBuildConfiguration section */
		7B12547028E97565006112E7 /* Debug */ = {
			isa = XCBuildConfiguration;
			buildSettings = {
				ALWAYS_SEARCH_USER_PATHS = NO;
				CLANG_ANALYZER_NONNULL = YES;
				CLANG_ANALYZER_NUMBER_OBJECT_CONVERSION = YES_AGGRESSIVE;
				CLANG_CXX_LANGUAGE_STANDARD = "gnu++20";
				CLANG_ENABLE_MODULES = YES;
				CLANG_ENABLE_OBJC_ARC = YES;
				CLANG_ENABLE_OBJC_WEAK = YES;
				CLANG_WARN_BLOCK_CAPTURE_AUTORELEASING = YES;
				CLANG_WARN_BOOL_CONVERSION = YES;
				CLANG_WARN_COMMA = YES;
				CLANG_WARN_CONSTANT_CONVERSION = YES;
				CLANG_WARN_DEPRECATED_OBJC_IMPLEMENTATIONS = YES;
				CLANG_WARN_DIRECT_OBJC_ISA_USAGE = YES_ERROR;
				CLANG_WARN_DOCUMENTATION_COMMENTS = YES;
				CLANG_WARN_EMPTY_BODY = YES;
				CLANG_WARN_ENUM_CONVERSION = YES;
				CLANG_WARN_INFINITE_RECURSION = YES;
				CLANG_WARN_INT_CONVERSION = YES;
				CLANG_WARN_NON_LITERAL_NULL_CONVERSION = YES;
				CLANG_WARN_OBJC_IMPLICIT_RETAIN_SELF = YES;
				CLANG_WARN_OBJC_LITERAL_CONVERSION = YES;
				CLANG_WARN_OBJC_ROOT_CLASS = YES_ERROR;
				CLANG_WARN_QUOTED_INCLUDE_IN_FRAMEWORK_HEADER = YES;
				CLANG_WARN_RANGE_LOOP_ANALYSIS = YES;
				CLANG_WARN_STRICT_PROTOTYPES = YES;
				CLANG_WARN_SUSPICIOUS_MOVE = YES;
				CLANG_WARN_UNGUARDED_AVAILABILITY = YES_AGGRESSIVE;
				CLANG_WARN_UNREACHABLE_CODE = YES;
				CLANG_WARN__DUPLICATE_METHOD_MATCH = YES;
				COPY_PHASE_STRIP = NO;
				DEBUG_INFORMATION_FORMAT = dwarf;
				ENABLE_STRICT_OBJC_MSGSEND = YES;
				ENABLE_TESTABILITY = YES;
				GCC_C_LANGUAGE_STANDARD = gnu11;
				GCC_DYNAMIC_NO_PIC = NO;
				GCC_NO_COMMON_BLOCKS = YES;
				GCC_OPTIMIZATION_LEVEL = 0;
				GCC_PREPROCESSOR_DEFINITIONS = (
					"DEBUG=1",
					"$(inherited)",
				);
				GCC_WARN_64_TO_32_BIT_CONVERSION = YES;
				GCC_WARN_ABOUT_RETURN_TYPE = YES_ERROR;
				GCC_WARN_UNDECLARED_SELECTOR = YES;
				GCC_WARN_UNINITIALIZED_AUTOS = YES_AGGRESSIVE;
				GCC_WARN_UNUSED_FUNCTION = YES;
				GCC_WARN_UNUSED_VARIABLE = YES;
				IPHONEOS_DEPLOYMENT_TARGET = 16.0;
				MTL_ENABLE_DEBUG_INFO = INCLUDE_SOURCE;
				MTL_FAST_MATH = YES;
				ONLY_ACTIVE_ARCH = YES;
				SDKROOT = iphoneos;
				SWIFT_ACTIVE_COMPILATION_CONDITIONS = DEBUG;
				SWIFT_OPTIMIZATION_LEVEL = "-Onone";
			};
			name = Debug;
		};
		7B12547128E97565006112E7 /* Release */ = {
			isa = XCBuildConfiguration;
			buildSettings = {
				ALWAYS_SEARCH_USER_PATHS = NO;
				CLANG_ANALYZER_NONNULL = YES;
				CLANG_ANALYZER_NUMBER_OBJECT_CONVERSION = YES_AGGRESSIVE;
				CLANG_CXX_LANGUAGE_STANDARD = "gnu++20";
				CLANG_ENABLE_MODULES = YES;
				CLANG_ENABLE_OBJC_ARC = YES;
				CLANG_ENABLE_OBJC_WEAK = YES;
				CLANG_WARN_BLOCK_CAPTURE_AUTORELEASING = YES;
				CLANG_WARN_BOOL_CONVERSION = YES;
				CLANG_WARN_COMMA = YES;
				CLANG_WARN_CONSTANT_CONVERSION = YES;
				CLANG_WARN_DEPRECATED_OBJC_IMPLEMENTATIONS = YES;
				CLANG_WARN_DIRECT_OBJC_ISA_USAGE = YES_ERROR;
				CLANG_WARN_DOCUMENTATION_COMMENTS = YES;
				CLANG_WARN_EMPTY_BODY = YES;
				CLANG_WARN_ENUM_CONVERSION = YES;
				CLANG_WARN_INFINITE_RECURSION = YES;
				CLANG_WARN_INT_CONVERSION = YES;
				CLANG_WARN_NON_LITERAL_NULL_CONVERSION = YES;
				CLANG_WARN_OBJC_IMPLICIT_RETAIN_SELF = YES;
				CLANG_WARN_OBJC_LITERAL_CONVERSION = YES;
				CLANG_WARN_OBJC_ROOT_CLASS = YES_ERROR;
				CLANG_WARN_QUOTED_INCLUDE_IN_FRAMEWORK_HEADER = YES;
				CLANG_WARN_RANGE_LOOP_ANALYSIS = YES;
				CLANG_WARN_STRICT_PROTOTYPES = YES;
				CLANG_WARN_SUSPICIOUS_MOVE = YES;
				CLANG_WARN_UNGUARDED_AVAILABILITY = YES_AGGRESSIVE;
				CLANG_WARN_UNREACHABLE_CODE = YES;
				CLANG_WARN__DUPLICATE_METHOD_MATCH = YES;
				COPY_PHASE_STRIP = NO;
				DEBUG_INFORMATION_FORMAT = "dwarf-with-dsym";
				ENABLE_NS_ASSERTIONS = NO;
				ENABLE_STRICT_OBJC_MSGSEND = YES;
				GCC_C_LANGUAGE_STANDARD = gnu11;
				GCC_NO_COMMON_BLOCKS = YES;
				GCC_WARN_64_TO_32_BIT_CONVERSION = YES;
				GCC_WARN_ABOUT_RETURN_TYPE = YES_ERROR;
				GCC_WARN_UNDECLARED_SELECTOR = YES;
				GCC_WARN_UNINITIALIZED_AUTOS = YES_AGGRESSIVE;
				GCC_WARN_UNUSED_FUNCTION = YES;
				GCC_WARN_UNUSED_VARIABLE = YES;
				IPHONEOS_DEPLOYMENT_TARGET = 16.0;
				MTL_ENABLE_DEBUG_INFO = NO;
				MTL_FAST_MATH = YES;
				SDKROOT = iphoneos;
				SWIFT_COMPILATION_MODE = wholemodule;
				SWIFT_OPTIMIZATION_LEVEL = "-O";
				VALIDATE_PRODUCT = YES;
			};
			name = Release;
		};
		7B12547328E97565006112E7 /* Debug */ = {
			isa = XCBuildConfiguration;
			buildSettings = {
				ASSETCATALOG_COMPILER_APPICON_NAME = AppIcon;
				ASSETCATALOG_COMPILER_GLOBAL_ACCENT_COLOR_NAME = AccentColor;
				CODE_SIGN_STYLE = Automatic;
				CURRENT_PROJECT_VERSION = 1;
				DEVELOPMENT_TEAM = 3WVLC7Y373;
				GENERATE_INFOPLIST_FILE = YES;
				INFOPLIST_FILE = UIKit_FireBaseChat/Info.plist;
				INFOPLIST_KEY_UIApplicationSupportsIndirectInputEvents = YES;
				INFOPLIST_KEY_UILaunchStoryboardName = LaunchScreen;
				INFOPLIST_KEY_UIMainStoryboardFile = Main;
				INFOPLIST_KEY_UISupportedInterfaceOrientations = UIInterfaceOrientationPortrait;
				IPHONEOS_DEPLOYMENT_TARGET = 13.0;
				LD_RUNPATH_SEARCH_PATHS = (
					"$(inherited)",
					"@executable_path/Frameworks",
				);
				MARKETING_VERSION = 1.0;
				PRODUCT_BUNDLE_IDENTIFIER = "com.taehwan.UIKit-FireBaseChat";
				PRODUCT_NAME = "$(TARGET_NAME)";
				SWIFT_EMIT_LOC_STRINGS = YES;
				SWIFT_VERSION = 5.0;
				TARGETED_DEVICE_FAMILY = "1,2";
			};
			name = Debug;
		};
		7B12547428E97565006112E7 /* Release */ = {
			isa = XCBuildConfiguration;
			buildSettings = {
				ASSETCATALOG_COMPILER_APPICON_NAME = AppIcon;
				ASSETCATALOG_COMPILER_GLOBAL_ACCENT_COLOR_NAME = AccentColor;
				CODE_SIGN_STYLE = Automatic;
				CURRENT_PROJECT_VERSION = 1;
				DEVELOPMENT_TEAM = 3WVLC7Y373;
				GENERATE_INFOPLIST_FILE = YES;
				INFOPLIST_FILE = UIKit_FireBaseChat/Info.plist;
				INFOPLIST_KEY_UIApplicationSupportsIndirectInputEvents = YES;
				INFOPLIST_KEY_UILaunchStoryboardName = LaunchScreen;
				INFOPLIST_KEY_UIMainStoryboardFile = Main;
				INFOPLIST_KEY_UISupportedInterfaceOrientations = UIInterfaceOrientationPortrait;
				IPHONEOS_DEPLOYMENT_TARGET = 13.0;
				LD_RUNPATH_SEARCH_PATHS = (
					"$(inherited)",
					"@executable_path/Frameworks",
				);
				MARKETING_VERSION = 1.0;
				PRODUCT_BUNDLE_IDENTIFIER = "com.taehwan.UIKit-FireBaseChat";
				PRODUCT_NAME = "$(TARGET_NAME)";
				SWIFT_EMIT_LOC_STRINGS = YES;
				SWIFT_VERSION = 5.0;
				TARGETED_DEVICE_FAMILY = "1,2";
			};
			name = Release;
		};
/* End XCBuildConfiguration section */

/* Begin XCConfigurationList section */
		7B12545928E97564006112E7 /* Build configuration list for PBXProject "UIKit_FireBaseChat" */ = {
			isa = XCConfigurationList;
			buildConfigurations = (
				7B12547028E97565006112E7 /* Debug */,
				7B12547128E97565006112E7 /* Release */,
			);
			defaultConfigurationIsVisible = 0;
			defaultConfigurationName = Release;
		};
		7B12547228E97565006112E7 /* Build configuration list for PBXNativeTarget "UIKit_FireBaseChat" */ = {
			isa = XCConfigurationList;
			buildConfigurations = (
				7B12547328E97565006112E7 /* Debug */,
				7B12547428E97565006112E7 /* Release */,
			);
			defaultConfigurationIsVisible = 0;
			defaultConfigurationName = Release;
		};
/* End XCConfigurationList section */
	};
	rootObject = 7B12545628E97564006112E7 /* Project object */;
}
